{
  "version": 4,
  "terraform_version": "1.4.5",
  "serial": 2,
  "lineage": "19540268-5880-1498-0b88-11e99630db63",
  "outputs": {
    "vpcid": {
      "value": "vpc-0291cca4b0038105b",
      "type": "string"
    }
  },
  "resources": [
    {
      "mode": "managed",
      "type": "aws_vpc",
      "name": "myvpc",
      "provider": "provider[\"registry.terraform.io/hashicorp/aws\"]",
      "instances": [
        {
          "schema_version": 1,
          "attributes": {
            "arn": "arn:aws:ec2:us-east-2:383084111878:vpc/vpc-0291cca4b0038105b",
            "assign_generated_ipv6_cidr_block": false,
            "cidr_block": "10.0.0.0/16",
            "default_network_acl_id": "acl-09622a83018179a43",
            "default_route_table_id": "rtb-07d0b69400ba7f861",
            "default_security_group_id": "sg-07aec18b26dad7e69",
            "dhcp_options_id": "dopt-07922d7ad8dc1110a",
            "enable_classiclink": false,
            "enable_classiclink_dns_support": false,
            "enable_dns_hostnames": false,
            "enable_dns_support": true,
            "enable_network_address_usage_metrics": false,
            "id": "vpc-0291cca4b0038105b",
            "instance_tenancy": "default",
            "ipv4_ipam_pool_id": null,
            "ipv4_netmask_length": null,
            "ipv6_association_id": "",
            "ipv6_cidr_block": "",
            "ipv6_cidr_block_network_border_group": "",
            "ipv6_ipam_pool_id": "",
            "ipv6_netmask_length": 0,
            "main_route_table_id": "rtb-07d0b69400ba7f861",
            "owner_id": "383084111878",
            "tags": {
              "Name": "Lagoa"
            },
            "tags_all": {
              "Name": "Lagoa"
            }
          },
          "sensitive_attributes": [],
          "private": "eyJzY2hlbWFfdmVyc2lvbiI6IjEifQ=="
        }
      ]
    }
  ],
  "check_results": null
}
